
Microsoft Visual Studio Solution File, Format Version 12.00
# Visual Studio 15
VisualStudioVersion = 15.0.27428.2005
MinimumVisualStudioVersion = 10.0.40219.1
Project("{FAE04EC0-301F-11D3-BF4B-00C04F79EFBC}") = "StrategyPatternExample", "StrategyPatternExample\StrategyPatternExample.csproj", "{7818B7B2-0DF7-4C87-9E5B-63ACBCC5A43F}"
EndProject
Project("{FAE04EC0-301F-11D3-BF4B-00C04F79EFBC}") = "StrategyPatternExample.Tests", "StrategyPatternExample.Tests\StrategyPatternExample.Tests.csproj", "{79473024-3F9B-4CC9-BA99-F5E9EEF43169}"
EndProject
Global
	GlobalSection(SolutionConfigurationPlatforms) = preSolution
		Debug|Any CPU = Debug|Any CPU
		Release|Any CPU = Release|Any CPU
	EndGlobalSection
	GlobalSection(ProjectConfigurationPlatforms) = postSolution
		{7818B7B2-0DF7-4C87-9E5B-63ACBCC5A43F}.Debug|Any CPU.ActiveCfg = Debug|Any CPU
		{7818B7B2-0DF7-4C87-9E5B-63ACBCC5A43F}.Debug|Any CPU.Build.0 = Debug|Any CPU
		{7818B7B2-0DF7-4C87-9E5B-63ACBCC5A43F}.Release|Any CPU.ActiveCfg = Release|Any CPU
		{7818B7B2-0DF7-4C87-9E5B-63ACBCC5A43F}.Release|Any CPU.Build.0 = Release|Any CPU
		{79473024-3F9B-4CC9-BA99-F5E9EEF43169}.Debug|Any CPU.ActiveCfg = Debug|Any CPU
		{79473024-3F9B-4CC9-BA99-F5E9EEF43169}.Debug|Any CPU.Build.0 = Debug|Any CPU
		{79473024-3F9B-4CC9-BA99-F5E9EEF43169}.Release|Any CPU.ActiveCfg = Release|Any CPU
		{79473024-3F9B-4CC9-BA99-F5E9EEF43169}.Release|Any CPU.Build.0 = Release|Any CPU
	EndGlobalSection
	GlobalSection(SolutionProperties) = preSolution
		HideSolutionNode = FALSE
	EndGlobalSection
	GlobalSection(ExtensibilityGlobals) = postSolution
		SolutionGuid = {A23E1345-1715-4954-A7F0-86B8819905E7}
	EndGlobalSection
EndGlobal
